
Microsoft Visual Studio Solution File, Format Version 12.00
# Visual Studio Version 16
VisualStudioVersion = 16.0.31702.278
MinimumVisualStudioVersion = 10.0.40219.1
Project("{9A19103F-16F7-4668-BE54-9A1E7A4F7556}") = "Lab8", "Lab8\Lab8.csproj", "{CFC853AB-6701-4965-99E5-AFC591730ED0}"
EndProject
Project("{9A19103F-16F7-4668-BE54-9A1E7A4F7556}") = "Lab8t2", "Lab8t2\Lab8t2.csproj", "{EA9B2FEB-F7C9-4A84-A3F7-8C0994AB955C}"
EndProject
Project("{FAE04EC0-301F-11D3-BF4B-00C04F79EFBC}") = "lab8t3", "lab8t3\lab8t3.csproj", "{DDAECD6E-5F2D-4117-9BC3-0971D877006D}"
EndProject
Global
	GlobalSection(SolutionConfigurationPlatforms) = preSolution
		Debug|Any CPU = Debug|Any CPU
		Release|Any CPU = Release|Any CPU
	EndGlobalSection
	GlobalSection(ProjectConfigurationPlatforms) = postSolution
		{CFC853AB-6701-4965-99E5-AFC591730ED0}.Debug|Any CPU.ActiveCfg = Debug|Any CPU
		{CFC853AB-6701-4965-99E5-AFC591730ED0}.Debug|Any CPU.Build.0 = Debug|Any CPU
		{CFC853AB-6701-4965-99E5-AFC591730ED0}.Release|Any CPU.ActiveCfg = Release|Any CPU
		{CFC853AB-6701-4965-99E5-AFC591730ED0}.Release|Any CPU.Build.0 = Release|Any CPU
		{EA9B2FEB-F7C9-4A84-A3F7-8C0994AB955C}.Debug|Any CPU.ActiveCfg = Debug|Any CPU
		{EA9B2FEB-F7C9-4A84-A3F7-8C0994AB955C}.Debug|Any CPU.Build.0 = Debug|Any CPU
		{EA9B2FEB-F7C9-4A84-A3F7-8C0994AB955C}.Release|Any CPU.ActiveCfg = Release|Any CPU
		{EA9B2FEB-F7C9-4A84-A3F7-8C0994AB955C}.Release|Any CPU.Build.0 = Release|Any CPU
		{DDAECD6E-5F2D-4117-9BC3-0971D877006D}.Debug|Any CPU.ActiveCfg = Debug|Any CPU
		{DDAECD6E-5F2D-4117-9BC3-0971D877006D}.Debug|Any CPU.Build.0 = Debug|Any CPU
		{DDAECD6E-5F2D-4117-9BC3-0971D877006D}.Release|Any CPU.ActiveCfg = Release|Any CPU
		{DDAECD6E-5F2D-4117-9BC3-0971D877006D}.Release|Any CPU.Build.0 = Release|Any CPU
	EndGlobalSection
	GlobalSection(SolutionProperties) = preSolution
		HideSolutionNode = FALSE
	EndGlobalSection
	GlobalSection(ExtensibilityGlobals) = postSolution
		SolutionGuid = {D4EB4C4F-D9C0-48B5-BE4C-69E641AF97AE}
	EndGlobalSection
EndGlobal
