
Microsoft Visual Studio Solution File, Format Version 12.00
# Visual Studio Version 16
VisualStudioVersion = 16.0.31702.278
MinimumVisualStudioVersion = 10.0.40219.1
Project("{9A19103F-16F7-4668-BE54-9A1E7A4F7556}") = "Lab4", "Lab4\Lab4.csproj", "{1BB3071D-4CA8-4193-83B9-84FF19EEA4B0}"
EndProject
Project("{FAE04EC0-301F-11D3-BF4B-00C04F79EFBC}") = "Lab4t2", "Lab4t2\Lab4t2.csproj", "{5A5DA896-5484-4F63-8A81-B3FF3E639B61}"
EndProject
Project("{FAE04EC0-301F-11D3-BF4B-00C04F79EFBC}") = "Lab4t3", "Lab4t3\Lab4t3.csproj", "{22753FF7-54A2-472F-B402-1808FDF89DC5}"
EndProject
Global
	GlobalSection(SolutionConfigurationPlatforms) = preSolution
		Debug|Any CPU = Debug|Any CPU
		Release|Any CPU = Release|Any CPU
	EndGlobalSection
	GlobalSection(ProjectConfigurationPlatforms) = postSolution
		{1BB3071D-4CA8-4193-83B9-84FF19EEA4B0}.Debug|Any CPU.ActiveCfg = Debug|Any CPU
		{1BB3071D-4CA8-4193-83B9-84FF19EEA4B0}.Debug|Any CPU.Build.0 = Debug|Any CPU
		{1BB3071D-4CA8-4193-83B9-84FF19EEA4B0}.Release|Any CPU.ActiveCfg = Release|Any CPU
		{1BB3071D-4CA8-4193-83B9-84FF19EEA4B0}.Release|Any CPU.Build.0 = Release|Any CPU
		{5A5DA896-5484-4F63-8A81-B3FF3E639B61}.Debug|Any CPU.ActiveCfg = Debug|Any CPU
		{5A5DA896-5484-4F63-8A81-B3FF3E639B61}.Debug|Any CPU.Build.0 = Debug|Any CPU
		{5A5DA896-5484-4F63-8A81-B3FF3E639B61}.Release|Any CPU.ActiveCfg = Release|Any CPU
		{5A5DA896-5484-4F63-8A81-B3FF3E639B61}.Release|Any CPU.Build.0 = Release|Any CPU
		{22753FF7-54A2-472F-B402-1808FDF89DC5}.Debug|Any CPU.ActiveCfg = Debug|Any CPU
		{22753FF7-54A2-472F-B402-1808FDF89DC5}.Debug|Any CPU.Build.0 = Debug|Any CPU
		{22753FF7-54A2-472F-B402-1808FDF89DC5}.Release|Any CPU.ActiveCfg = Release|Any CPU
		{22753FF7-54A2-472F-B402-1808FDF89DC5}.Release|Any CPU.Build.0 = Release|Any CPU
	EndGlobalSection
	GlobalSection(SolutionProperties) = preSolution
		HideSolutionNode = FALSE
	EndGlobalSection
	GlobalSection(ExtensibilityGlobals) = postSolution
		SolutionGuid = {D0C4621B-E832-4587-AFA2-41545552525A}
	EndGlobalSection
EndGlobal
