
Microsoft Visual Studio Solution File, Format Version 12.00
# Visual Studio Version 16
VisualStudioVersion = 16.0.31702.278
MinimumVisualStudioVersion = 10.0.40219.1
Project("{9A19103F-16F7-4668-BE54-9A1E7A4F7556}") = "Lab5", "Lab5\Lab5.csproj", "{BA5A9BDF-1ECA-431A-8426-595088F27317}"
EndProject
Project("{FAE04EC0-301F-11D3-BF4B-00C04F79EFBC}") = "lab5-t2", "lab5-t2\lab5-t2.csproj", "{853D86C3-23D1-47BE-A051-C94541CBD970}"
EndProject
Global
	GlobalSection(SolutionConfigurationPlatforms) = preSolution
		Debug|Any CPU = Debug|Any CPU
		Release|Any CPU = Release|Any CPU
	EndGlobalSection
	GlobalSection(ProjectConfigurationPlatforms) = postSolution
		{BA5A9BDF-1ECA-431A-8426-595088F27317}.Debug|Any CPU.ActiveCfg = Debug|Any CPU
		{BA5A9BDF-1ECA-431A-8426-595088F27317}.Debug|Any CPU.Build.0 = Debug|Any CPU
		{BA5A9BDF-1ECA-431A-8426-595088F27317}.Release|Any CPU.ActiveCfg = Release|Any CPU
		{BA5A9BDF-1ECA-431A-8426-595088F27317}.Release|Any CPU.Build.0 = Release|Any CPU
		{853D86C3-23D1-47BE-A051-C94541CBD970}.Debug|Any CPU.ActiveCfg = Debug|Any CPU
		{853D86C3-23D1-47BE-A051-C94541CBD970}.Debug|Any CPU.Build.0 = Debug|Any CPU
		{853D86C3-23D1-47BE-A051-C94541CBD970}.Release|Any CPU.ActiveCfg = Release|Any CPU
		{853D86C3-23D1-47BE-A051-C94541CBD970}.Release|Any CPU.Build.0 = Release|Any CPU
	EndGlobalSection
	GlobalSection(SolutionProperties) = preSolution
		HideSolutionNode = FALSE
	EndGlobalSection
	GlobalSection(ExtensibilityGlobals) = postSolution
		SolutionGuid = {AB25442F-5D70-4361-A4E6-7CF4BD3ED407}
	EndGlobalSection
EndGlobal
